
Microsoft Visual Studio Solution File, Format Version 12.00
# Visual Studio Version 17
VisualStudioVersion = 17.11.35327.3
MinimumVisualStudioVersion = 10.0.40219.1
Project("{9A19103F-16F7-4668-BE54-9A1E7A4F7556}") = "Course", "course\Course.csproj", "{88B7D3F9-7167-451B-B0AF-4531D7F8CB57}"
EndProject
Project("{FAE04EC0-301F-11D3-BF4B-00C04F79EFBC}") = "ExercicesProduct", "ExercicesProduct\ExercicesProduct.csproj", "{BEB58AF9-7A65-4897-B8FA-D2805F3D173F}"
EndProject
Project("{FAE04EC0-301F-11D3-BF4B-00C04F79EFBC}") = "ExerciceRetangulo", "ExerciceRetangulo\ExerciceRetangulo.csproj", "{A582D416-CEE3-4F06-BE34-C6E12D6AD2E9}"
EndProject
Project("{2150E333-8FDC-42A3-9474-1A3956D46DE8}") = "ClassesAtrubutosMetodosEstaticos", "ClassesAtrubutosMetodosEstaticos", "{69D588C7-5922-4B06-AD0D-AB26ACAB92E1}"
EndProject
Project("{FAE04EC0-301F-11D3-BF4B-00C04F79EFBC}") = "ExerciceRaio", "ExerciceRaio\ExerciceRaio.csproj", "{92ADA609-CFAB-4141-8018-236B1F83A0CE}"
EndProject
Project("{FAE04EC0-301F-11D3-BF4B-00C04F79EFBC}") = "ConvertDolar", "ConvertDolar\ConvertDolar.csproj", "{2203FC5F-90DF-4A89-A62F-11FED48D3773}"
EndProject
Project("{2150E333-8FDC-42A3-9474-1A3956D46DE8}") = "ConstrutoresThisSobrecargaEncapsulamento", "ConstrutoresThisSobrecargaEncapsulamento", "{AC33F06B-BDE5-4389-A7B3-EA50D34E71E4}"
EndProject
Project("{FAE04EC0-301F-11D3-BF4B-00C04F79EFBC}") = "Construtores", "Construtores\Construtores.csproj", "{6DD2A87B-058E-4291-915A-80C5F9D89C22}"
EndProject
Project("{FAE04EC0-301F-11D3-BF4B-00C04F79EFBC}") = "Sobrecarga", "Sobrecarga\Sobrecarga.csproj", "{FD79F175-050B-4D05-85F0-D1CA71CE9A16}"
EndProject
Project("{FAE04EC0-301F-11D3-BF4B-00C04F79EFBC}") = "Properties", "Properties\Properties.csproj", "{4DD5F8D1-3CEC-4F49-8A4A-823ED1E0EABF}"
EndProject
Project("{FAE04EC0-301F-11D3-BF4B-00C04F79EFBC}") = "ExerciceContaBnacaria", "ExerciceContaBnacaria\ExerciceContaBnacaria.csproj", "{1C3600D4-83EF-466B-91D1-1F531A315A29}"
EndProject
Project("{2150E333-8FDC-42A3-9474-1A3956D46DE8}") = "ComportamentoDeMemoriaArraysListas", "ComportamentoDeMemoriaArraysListas", "{4B94806E-5CDB-4DB7-A5C1-9BB22FFCCD78}"
EndProject
Project("{FAE04EC0-301F-11D3-BF4B-00C04F79EFBC}") = "TiposReferenciaEValor", "TiposDeTransferenciaETiposDevalor\TiposReferenciaEValor.csproj", "{5FBE7DF3-A6FD-4ED4-BFC3-B369D17F12BF}"
EndProject
Project("{FAE04EC0-301F-11D3-BF4B-00C04F79EFBC}") = "Nullable", "Nullable\Nullable.csproj", "{7E63AC82-47AD-40F4-86C1-C4FBF4BC8EA4}"
EndProject
Global
	GlobalSection(SolutionConfigurationPlatforms) = preSolution
		Debug|Any CPU = Debug|Any CPU
		Release|Any CPU = Release|Any CPU
	EndGlobalSection
	GlobalSection(ProjectConfigurationPlatforms) = postSolution
		{88B7D3F9-7167-451B-B0AF-4531D7F8CB57}.Debug|Any CPU.ActiveCfg = Debug|Any CPU
		{88B7D3F9-7167-451B-B0AF-4531D7F8CB57}.Debug|Any CPU.Build.0 = Debug|Any CPU
		{88B7D3F9-7167-451B-B0AF-4531D7F8CB57}.Release|Any CPU.ActiveCfg = Release|Any CPU
		{88B7D3F9-7167-451B-B0AF-4531D7F8CB57}.Release|Any CPU.Build.0 = Release|Any CPU
		{BEB58AF9-7A65-4897-B8FA-D2805F3D173F}.Debug|Any CPU.ActiveCfg = Debug|Any CPU
		{BEB58AF9-7A65-4897-B8FA-D2805F3D173F}.Debug|Any CPU.Build.0 = Debug|Any CPU
		{BEB58AF9-7A65-4897-B8FA-D2805F3D173F}.Release|Any CPU.ActiveCfg = Release|Any CPU
		{BEB58AF9-7A65-4897-B8FA-D2805F3D173F}.Release|Any CPU.Build.0 = Release|Any CPU
		{A582D416-CEE3-4F06-BE34-C6E12D6AD2E9}.Debug|Any CPU.ActiveCfg = Debug|Any CPU
		{A582D416-CEE3-4F06-BE34-C6E12D6AD2E9}.Debug|Any CPU.Build.0 = Debug|Any CPU
		{A582D416-CEE3-4F06-BE34-C6E12D6AD2E9}.Release|Any CPU.ActiveCfg = Release|Any CPU
		{A582D416-CEE3-4F06-BE34-C6E12D6AD2E9}.Release|Any CPU.Build.0 = Release|Any CPU
		{92ADA609-CFAB-4141-8018-236B1F83A0CE}.Debug|Any CPU.ActiveCfg = Debug|Any CPU
		{92ADA609-CFAB-4141-8018-236B1F83A0CE}.Debug|Any CPU.Build.0 = Debug|Any CPU
		{92ADA609-CFAB-4141-8018-236B1F83A0CE}.Release|Any CPU.ActiveCfg = Release|Any CPU
		{92ADA609-CFAB-4141-8018-236B1F83A0CE}.Release|Any CPU.Build.0 = Release|Any CPU
		{2203FC5F-90DF-4A89-A62F-11FED48D3773}.Debug|Any CPU.ActiveCfg = Debug|Any CPU
		{2203FC5F-90DF-4A89-A62F-11FED48D3773}.Debug|Any CPU.Build.0 = Debug|Any CPU
		{2203FC5F-90DF-4A89-A62F-11FED48D3773}.Release|Any CPU.ActiveCfg = Release|Any CPU
		{2203FC5F-90DF-4A89-A62F-11FED48D3773}.Release|Any CPU.Build.0 = Release|Any CPU
		{6DD2A87B-058E-4291-915A-80C5F9D89C22}.Debug|Any CPU.ActiveCfg = Debug|Any CPU
		{6DD2A87B-058E-4291-915A-80C5F9D89C22}.Debug|Any CPU.Build.0 = Debug|Any CPU
		{6DD2A87B-058E-4291-915A-80C5F9D89C22}.Release|Any CPU.ActiveCfg = Release|Any CPU
		{6DD2A87B-058E-4291-915A-80C5F9D89C22}.Release|Any CPU.Build.0 = Release|Any CPU
		{FD79F175-050B-4D05-85F0-D1CA71CE9A16}.Debug|Any CPU.ActiveCfg = Debug|Any CPU
		{FD79F175-050B-4D05-85F0-D1CA71CE9A16}.Debug|Any CPU.Build.0 = Debug|Any CPU
		{FD79F175-050B-4D05-85F0-D1CA71CE9A16}.Release|Any CPU.ActiveCfg = Release|Any CPU
		{FD79F175-050B-4D05-85F0-D1CA71CE9A16}.Release|Any CPU.Build.0 = Release|Any CPU
		{4DD5F8D1-3CEC-4F49-8A4A-823ED1E0EABF}.Debug|Any CPU.ActiveCfg = Debug|Any CPU
		{4DD5F8D1-3CEC-4F49-8A4A-823ED1E0EABF}.Debug|Any CPU.Build.0 = Debug|Any CPU
		{4DD5F8D1-3CEC-4F49-8A4A-823ED1E0EABF}.Release|Any CPU.ActiveCfg = Release|Any CPU
		{4DD5F8D1-3CEC-4F49-8A4A-823ED1E0EABF}.Release|Any CPU.Build.0 = Release|Any CPU
		{1C3600D4-83EF-466B-91D1-1F531A315A29}.Debug|Any CPU.ActiveCfg = Debug|Any CPU
		{1C3600D4-83EF-466B-91D1-1F531A315A29}.Debug|Any CPU.Build.0 = Debug|Any CPU
		{1C3600D4-83EF-466B-91D1-1F531A315A29}.Release|Any CPU.ActiveCfg = Release|Any CPU
		{1C3600D4-83EF-466B-91D1-1F531A315A29}.Release|Any CPU.Build.0 = Release|Any CPU
		{5FBE7DF3-A6FD-4ED4-BFC3-B369D17F12BF}.Debug|Any CPU.ActiveCfg = Debug|Any CPU
		{5FBE7DF3-A6FD-4ED4-BFC3-B369D17F12BF}.Debug|Any CPU.Build.0 = Debug|Any CPU
		{5FBE7DF3-A6FD-4ED4-BFC3-B369D17F12BF}.Release|Any CPU.ActiveCfg = Release|Any CPU
		{5FBE7DF3-A6FD-4ED4-BFC3-B369D17F12BF}.Release|Any CPU.Build.0 = Release|Any CPU
		{7E63AC82-47AD-40F4-86C1-C4FBF4BC8EA4}.Debug|Any CPU.ActiveCfg = Debug|Any CPU
		{7E63AC82-47AD-40F4-86C1-C4FBF4BC8EA4}.Debug|Any CPU.Build.0 = Debug|Any CPU
		{7E63AC82-47AD-40F4-86C1-C4FBF4BC8EA4}.Release|Any CPU.ActiveCfg = Release|Any CPU
		{7E63AC82-47AD-40F4-86C1-C4FBF4BC8EA4}.Release|Any CPU.Build.0 = Release|Any CPU
	EndGlobalSection
	GlobalSection(SolutionProperties) = preSolution
		HideSolutionNode = FALSE
	EndGlobalSection
	GlobalSection(NestedProjects) = preSolution
		{88B7D3F9-7167-451B-B0AF-4531D7F8CB57} = {69D588C7-5922-4B06-AD0D-AB26ACAB92E1}
		{BEB58AF9-7A65-4897-B8FA-D2805F3D173F} = {69D588C7-5922-4B06-AD0D-AB26ACAB92E1}
		{A582D416-CEE3-4F06-BE34-C6E12D6AD2E9} = {69D588C7-5922-4B06-AD0D-AB26ACAB92E1}
		{92ADA609-CFAB-4141-8018-236B1F83A0CE} = {69D588C7-5922-4B06-AD0D-AB26ACAB92E1}
		{2203FC5F-90DF-4A89-A62F-11FED48D3773} = {69D588C7-5922-4B06-AD0D-AB26ACAB92E1}
		{6DD2A87B-058E-4291-915A-80C5F9D89C22} = {AC33F06B-BDE5-4389-A7B3-EA50D34E71E4}
		{FD79F175-050B-4D05-85F0-D1CA71CE9A16} = {AC33F06B-BDE5-4389-A7B3-EA50D34E71E4}
		{4DD5F8D1-3CEC-4F49-8A4A-823ED1E0EABF} = {AC33F06B-BDE5-4389-A7B3-EA50D34E71E4}
		{1C3600D4-83EF-466B-91D1-1F531A315A29} = {AC33F06B-BDE5-4389-A7B3-EA50D34E71E4}
		{5FBE7DF3-A6FD-4ED4-BFC3-B369D17F12BF} = {4B94806E-5CDB-4DB7-A5C1-9BB22FFCCD78}
		{7E63AC82-47AD-40F4-86C1-C4FBF4BC8EA4} = {4B94806E-5CDB-4DB7-A5C1-9BB22FFCCD78}
	EndGlobalSection
	GlobalSection(ExtensibilityGlobals) = postSolution
		SolutionGuid = {E8F9E8F7-9ED7-4994-A9E0-426F97A4519C}
	EndGlobalSection
EndGlobal
